
Microsoft Visual Studio Solution File, Format Version 12.00
# Visual Studio 2013
VisualStudioVersion = 12.0.31101.0
MinimumVisualStudioVersion = 10.0.40219.1
Project("{FAE04EC0-301F-11D3-BF4B-00C04F79EFBC}") = "АСУ_Склад.ASP.NET Application", "ASP.NET\АСУ_Склад.ASP.NET Application.csproj", "{BA70100F-0777-4C39-A31D-7121F872FC1A}"
EndProject
Project("{FAE04EC0-301F-11D3-BF4B-00C04F79EFBC}") = "АСУ_Склад.Objects", "Objects\АСУ_Склад.Objects.csproj", "{5BF2B7F7-B129-4785-B15E-16973F5454F5}"
EndProject
Global
	GlobalSection(SolutionConfigurationPlatforms) = preSolution
Debug|Any CPU = Debug|Any CPU
Release|Any CPU = Release|Any CPU
	EndGlobalSection
	GlobalSection(ProjectConfigurationPlatforms) = postSolution
		{BA70100F-0777-4C39-A31D-7121F872FC1A}.Debug|Any CPU.ActiveCfg = Debug|Any CPU
		{BA70100F-0777-4C39-A31D-7121F872FC1A}.Debug|Any CPU.Build.0 = Debug|Any CPU
		{BA70100F-0777-4C39-A31D-7121F872FC1A}.Release|Any CPU.ActiveCfg = Release|Any CPU
		{BA70100F-0777-4C39-A31D-7121F872FC1A}.Release|Any CPU.Build.0 = Release|Any CPU
		{5BF2B7F7-B129-4785-B15E-16973F5454F5}.Debug|Any CPU.ActiveCfg = Debug|Any CPU
		{5BF2B7F7-B129-4785-B15E-16973F5454F5}.Debug|Any CPU.Build.0 = Debug|Any CPU
		{5BF2B7F7-B129-4785-B15E-16973F5454F5}.Release|Any CPU.ActiveCfg = Release|Any CPU
		{5BF2B7F7-B129-4785-B15E-16973F5454F5}.Release|Any CPU.Build.0 = Release|Any CPU
	EndGlobalSection
	GlobalSection(SolutionProperties) = preSolution
		HideSolutionNode = FALSE
	EndGlobalSection
EndGlobal
